// !$*UTF8*$!
{
	archiveVersion = 1;
	classes = {
	};
	objectVersion = 46;
	objects = {

/* Begin PBXBuildFile section */
		63C162001AD3300E00F34329 /* AppDelegate.swift in Sources */ = {isa = PBXBuildFile; fileRef = 63C161FF1AD3300E00F34329 /* AppDelegate.swift */; };
		63C162051AD3300E00F34329 /* Main.storyboard in Resources */ = {isa = PBXBuildFile; fileRef = 63C162031AD3300E00F34329 /* Main.storyboard */; };
		63C162071AD3300E00F34329 /* Images.xcassets in Resources */ = {isa = PBXBuildFile; fileRef = 63C162061AD3300E00F34329 /* Images.xcassets */; };
		63C1620A1AD3300E00F34329 /* LaunchScreen.xib in Resources */ = {isa = PBXBuildFile; fileRef = 63C162081AD3300E00F34329 /* LaunchScreen.xib */; };
		63C162161AD3300E00F34329 /* CameraTestTests.swift in Sources */ = {isa = PBXBuildFile; fileRef = 63C162151AD3300E00F34329 /* CameraTestTests.swift */; };
		F5A4F7681AD5C5E3005A3208 /* PhotoEditorViewController.swift in Sources */ = {isa = PBXBuildFile; fileRef = F5A4F7671AD5C5E3005A3208 /* PhotoEditorViewController.swift */; };
		F5E233101AD5D55A00A7389B /* ViewController.swift in Sources */ = {isa = PBXBuildFile; fileRef = F5E2330F1AD5D55A00A7389B /* ViewController.swift */; };
/* End PBXBuildFile section */

/* Begin PBXContainerItemProxy section */
		63C162101AD3300E00F34329 /* PBXContainerItemProxy */ = {
			isa = PBXContainerItemProxy;
			containerPortal = 63C161F21AD3300E00F34329 /* Project object */;
			proxyType = 1;
			remoteGlobalIDString = 63C161F91AD3300E00F34329;
			remoteInfo = CameraTest;
		};
/* End PBXContainerItemProxy section */

/* Begin PBXFileReference section */
		63C161FA1AD3300E00F34329 /* CameraTest.app */ = {isa = PBXFileReference; explicitFileType = wrapper.application; includeInIndex = 0; path = CameraTest.app; sourceTree = BUILT_PRODUCTS_DIR; };
		63C161FE1AD3300E00F34329 /* Info.plist */ = {isa = PBXFileReference; lastKnownFileType = text.plist.xml; path = Info.plist; sourceTree = "<group>"; };
		63C161FF1AD3300E00F34329 /* AppDelegate.swift */ = {isa = PBXFileReference; lastKnownFileType = sourcecode.swift; path = AppDelegate.swift; sourceTree = "<group>"; };
		63C162041AD3300E00F34329 /* Base */ = {isa = PBXFileReference; lastKnownFileType = file.storyboard; name = Base; path = Base.lproj/Main.storyboard; sourceTree = "<group>"; };
		63C162061AD3300E00F34329 /* Images.xcassets */ = {isa = PBXFileReference; lastKnownFileType = folder.assetcatalog; path = Images.xcassets; sourceTree = "<group>"; };
		63C162091AD3300E00F34329 /* Base */ = {isa = PBXFileReference; lastKnownFileType = file.xib; name = Base; path = Base.lproj/LaunchScreen.xib; sourceTree = "<group>"; };
		63C1620F1AD3300E00F34329 /* CameraTestTests.xctest */ = {isa = PBXFileReference; explicitFileType = wrapper.cfbundle; includeInIndex = 0; path = CameraTestTests.xctest; sourceTree = BUILT_PRODUCTS_DIR; };
		63C162141AD3300E00F34329 /* Info.plist */ = {isa = PBXFileReference; lastKnownFileType = text.plist.xml; path = Info.plist; sourceTree = "<group>"; };
		63C162151AD3300E00F34329 /* CameraTestTests.swift */ = {isa = PBXFileReference; lastKnownFileType = sourcecode.swift; path = CameraTestTests.swift; sourceTree = "<group>"; };
		F5A4F7671AD5C5E3005A3208 /* PhotoEditorViewController.swift */ = {isa = PBXFileReference; fileEncoding = 4; lastKnownFileType = sourcecode.swift; path = PhotoEditorViewController.swift; sourceTree = "<group>"; };
		F5E2330F1AD5D55A00A7389B /* ViewController.swift */ = {isa = PBXFileReference; fileEncoding = 4; lastKnownFileType = sourcecode.swift; path = ViewController.swift; sourceTree = "<group>"; };
/* End PBXFileReference section */

/* Begin PBXFrameworksBuildPhase section */
		63C161F71AD3300E00F34329 /* Frameworks */ = {
			isa = PBXFrameworksBuildPhase;
			buildActionMask = 2147483647;
			files = (
			);
			runOnlyForDeploymentPostprocessing = 0;
		};
		63C1620C1AD3300E00F34329 /* Frameworks */ = {
			isa = PBXFrameworksBuildPhase;
			buildActionMask = 2147483647;
			files = (
			);
			runOnlyForDeploymentPostprocessing = 0;
		};
/* End PBXFrameworksBuildPhase section */

/* Begin PBXGroup section */
		63C161F11AD3300E00F34329 = {
			isa = PBXGroup;
			children = (
				63C161FC1AD3300E00F34329 /* CameraTest */,
				63C162121AD3300E00F34329 /* CameraTestTests */,
				63C161FB1AD3300E00F34329 /* Products */,
			);
			sourceTree = "<group>";
		};
		63C161FB1AD3300E00F34329 /* Products */ = {
			isa = PBXGroup;
			children = (
				63C161FA1AD3300E00F34329 /* CameraTest.app */,
				63C1620F1AD3300E00F34329 /* CameraTestTests.xctest */,
			);
			name = Products;
			sourceTree = "<group>";
		};
		63C161FC1AD3300E00F34329 /* CameraTest */ = {
			isa = PBXGroup;
			children = (
				F5E2330F1AD5D55A00A7389B /* ViewController.swift */,
				63C161FF1AD3300E00F34329 /* AppDelegate.swift */,
				63C162031AD3300E00F34329 /* Main.storyboard */,
				63C162061AD3300E00F34329 /* Images.xcassets */,
				63C162081AD3300E00F34329 /* LaunchScreen.xib */,
				63C161FD1AD3300E00F34329 /* Supporting Files */,
				F5A4F7671AD5C5E3005A3208 /* PhotoEditorViewController.swift */,
			);
			path = CameraTest;
			sourceTree = "<group>";
		};
		63C161FD1AD3300E00F34329 /* Supporting Files */ = {
			isa = PBXGroup;
			children = (
				63C161FE1AD3300E00F34329 /* Info.plist */,
			);
			name = "Supporting Files";
			sourceTree = "<group>";
		};
		63C162121AD3300E00F34329 /* CameraTestTests */ = {
			isa = PBXGroup;
			children = (
				63C162151AD3300E00F34329 /* CameraTestTests.swift */,
				63C162131AD3300E00F34329 /* Supporting Files */,
			);
			path = CameraTestTests;
			sourceTree = "<group>";
		};
		63C162131AD3300E00F34329 /* Supporting Files */ = {
			isa = PBXGroup;
			children = (
				63C162141AD3300E00F34329 /* Info.plist */,
			);
			name = "Supporting Files";
			sourceTree = "<group>";
		};
/* End PBXGroup section */

/* Begin PBXNativeTarget section */
		63C161F91AD3300E00F34329 /* CameraTest */ = {
			isa = PBXNativeTarget;
			buildConfigurationList = 63C162191AD3300E00F34329 /* Build configuration list for PBXNativeTarget "CameraTest" */;
			buildPhases = (
				63C161F61AD3300E00F34329 /* Sources */,
				63C161F71AD3300E00F34329 /* Frameworks */,
				63C161F81AD3300E00F34329 /* Resources */,
			);
			buildRules = (
			);
			dependencies = (
			);
			name = CameraTest;
			productName = CameraTest;
			productReference = 63C161FA1AD3300E00F34329 /* CameraTest.app */;
			productType = "com.apple.product-type.application";
		};
		63C1620E1AD3300E00F34329 /* CameraTestTests */ = {
			isa = PBXNativeTarget;
			buildConfigurationList = 63C1621C1AD3300E00F34329 /* Build configuration list for PBXNativeTarget "CameraTestTests" */;
			buildPhases = (
				63C1620B1AD3300E00F34329 /* Sources */,
				63C1620C1AD3300E00F34329 /* Frameworks */,
				63C1620D1AD3300E00F34329 /* Resources */,
			);
			buildRules = (
			);
			dependencies = (
				63C162111AD3300E00F34329 /* PBXTargetDependency */,
			);
			name = CameraTestTests;
			productName = CameraTestTests;
			productReference = 63C1620F1AD3300E00F34329 /* CameraTestTests.xctest */;
			productType = "com.apple.product-type.bundle.unit-test";
		};
/* End PBXNativeTarget section */

/* Begin PBXProject section */
		63C161F21AD3300E00F34329 /* Project object */ = {
			isa = PBXProject;
			attributes = {
				LastUpgradeCheck = 0620;
				ORGANIZATIONNAME = "David Cackette";
				TargetAttributes = {
					63C161F91AD3300E00F34329 = {
						CreatedOnToolsVersion = 6.2;
					};
					63C1620E1AD3300E00F34329 = {
						CreatedOnToolsVersion = 6.2;
						TestTargetID = 63C161F91AD3300E00F34329;
					};
				};
			};
			buildConfigurationList = 63C161F51AD3300E00F34329 /* Build configuration list for PBXProject "CameraTest" */;
			compatibilityVersion = "Xcode 3.2";
			developmentRegion = English;
			hasScannedForEncodings = 0;
			knownRegions = (
				en,
				Base,
			);
			mainGroup = 63C161F11AD3300E00F34329;
			productRefGroup = 63C161FB1AD3300E00F34329 /* Products */;
			projectDirPath = "";
			projectRoot = "";
			targets = (
				63C161F91AD3300E00F34329 /* CameraTest */,
				63C1620E1AD3300E00F34329 /* CameraTestTests */,
			);
		};
/* End PBXProject section */

/* Begin PBXResourcesBuildPhase section */
		63C161F81AD3300E00F34329 /* Resources */ = {
			isa = PBXResourcesBuildPhase;
			buildActionMask = 2147483647;
			files = (
				63C162051AD3300E00F34329 /* Main.storyboard in Resources */,
				63C1620A1AD3300E00F34329 /* LaunchScreen.xib in Resources */,
				63C162071AD3300E00F34329 /* Images.xcassets in Resources */,
			);
			runOnlyForDeploymentPostprocessing = 0;
		};
		63C1620D1AD3300E00F34329 /* Resources */ = {
			isa = PBXResourcesBuildPhase;
			buildActionMask = 2147483647;
			files = (
			);
			runOnlyForDeploymentPostprocessing = 0;
		};
/* End PBXResourcesBuildPhase section */

/* Begin PBXSourcesBuildPhase section */
		63C161F61AD3300E00F34329 /* Sources */ = {
			isa = PBXSourcesBuildPhase;
			buildActionMask = 2147483647;
			files = (
				F5E233101AD5D55A00A7389B /* ViewController.swift in Sources */,
				63C162001AD3300E00F34329 /* AppDelegate.swift in Sources */,
				F5A4F7681AD5C5E3005A3208 /* PhotoEditorViewController.swift in Sources */,
			);
			runOnlyForDeploymentPostprocessing = 0;
		};
		63C1620B1AD3300E00F34329 /* Sources */ = {
			isa = PBXSourcesBuildPhase;
			buildActionMask = 2147483647;
			files = (
				63C162161AD3300E00F34329 /* CameraTestTests.swift in Sources */,
			);
			runOnlyForDeploymentPostprocessing = 0;
		};
/* End PBXSourcesBuildPhase section */

/* Begin PBXTargetDependency section */
		63C162111AD3300E00F34329 /* PBXTargetDependency */ = {
			isa = PBXTargetDependency;
			target = 63C161F91AD3300E00F34329 /* CameraTest */;
			targetProxy = 63C162101AD3300E00F34329 /* PBXContainerItemProxy */;
		};
/* End PBXTargetDependency section */

/* Begin PBXVariantGroup section */
		63C162031AD3300E00F34329 /* Main.storyboard */ = {
			isa = PBXVariantGroup;
			children = (
				63C162041AD3300E00F34329 /* Base */,
			);
			name = Main.storyboard;
			sourceTree = "<group>";
		};
		63C162081AD3300E00F34329 /* LaunchScreen.xib */ = {
			isa = PBXVariantGroup;
			children = (
				63C162091AD3300E00F34329 /* Base */,
			);
			name = LaunchScreen.xib;
			sourceTree = "<group>";
		};
/* End PBXVariantGroup section */

/* Begin XCBuildConfiguration section */
		63C162171AD3300E00F34329 /* Debug */ = {
			isa = XCBuildConfiguration;
			buildSettings = {
				ALWAYS_SEARCH_USER_PATHS = NO;
				CLANG_CXX_LANGUAGE_STANDARD = "gnu++0x";
				CLANG_CXX_LIBRARY = "libc++";
				CLANG_ENABLE_MODULES = YES;
				CLANG_ENABLE_OBJC_ARC = YES;
				CLANG_WARN_BOOL_CONVERSION = YES;
				CLANG_WARN_CONSTANT_CONVERSION = YES;
				CLANG_WARN_DIRECT_OBJC_ISA_USAGE = YES_ERROR;
				CLANG_WARN_EMPTY_BODY = YES;
				CLANG_WARN_ENUM_CONVERSION = YES;
				CLANG_WARN_INT_CONVERSION = YES;
				CLANG_WARN_OBJC_ROOT_CLASS = YES_ERROR;
				CLANG_WARN_UNREACHABLE_CODE = YES;
				CLANG_WARN__DUPLICATE_METHOD_MATCH = YES;
				"CODE_SIGN_IDENTITY[sdk=iphoneos*]" = "iPhone Developer";
				COPY_PHASE_STRIP = NO;
				ENABLE_STRICT_OBJC_MSGSEND = YES;
				GCC_C_LANGUAGE_STANDARD = gnu99;
				GCC_DYNAMIC_NO_PIC = NO;
				GCC_OPTIMIZATION_LEVEL = 0;
				GCC_PREPROCESSOR_DEFINITIONS = (
					"DEBUG=1",
					"$(inherited)",
				);
				GCC_SYMBOLS_PRIVATE_EXTERN = NO;
				GCC_WARN_64_TO_32_BIT_CONVERSION = YES;
				GCC_WARN_ABOUT_RETURN_TYPE = YES_ERROR;
				GCC_WARN_UNDECLARED_SELECTOR = YES;
				GCC_WARN_UNINITIALIZED_AUTOS = YES_AGGRESSIVE;
				GCC_WARN_UNUSED_FUNCTION = YES;
				GCC_WARN_UNUSED_VARIABLE = YES;
				IPHONEOS_DEPLOYMENT_TARGET = 8.2;
				MTL_ENABLE_DEBUG_INFO = YES;
				ONLY_ACTIVE_ARCH = YES;
				SDKROOT = iphoneos;
				SWIFT_OPTIMIZATION_LEVEL = "-Onone";
			};
			name = Debug;
		};
		63C162181AD3300E00F34329 /* Release */ = {
			isa = XCBuildConfiguration;
			buildSettings = {
				ALWAYS_SEARCH_USER_PATHS = NO;
				CLANG_CXX_LANGUAGE_STANDARD = "gnu++0x";
				CLANG_CXX_LIBRARY = "libc++";
				CLANG_ENABLE_MODULES = YES;
				CLANG_ENABLE_OBJC_ARC = YES;
				CLANG_WARN_BOOL_CONVERSION = YES;
				CLANG_WARN_CONSTANT_CONVERSION = YES;
				CLANG_WARN_DIRECT_OBJC_ISA_USAGE = YES_ERROR;
				CLANG_WARN_EMPTY_BODY = YES;
				CLANG_WARN_ENUM_CONVERSION = YES;
				CLANG_WARN_INT_CONVERSION = YES;
				CLANG_WARN_OBJC_ROOT_CLASS = YES_ERROR;
				CLANG_WARN_UNREACHABLE_CODE = YES;
				CLANG_WARN__DUPLICATE_METHOD_MATCH = YES;
				"CODE_SIGN_IDENTITY[sdk=iphoneos*]" = "iPhone Developer";
				COPY_PHASE_STRIP = NO;
				ENABLE_NS_ASSERTIONS = NO;
				ENABLE_STRICT_OBJC_MSGSEND = YES;
				GCC_C_LANGUAGE_STANDARD = gnu99;
				GCC_WARN_64_TO_32_BIT_CONVERSION = YES;
				GCC_WARN_ABOUT_RETURN_TYPE = YES_ERROR;
				GCC_WARN_UNDECLARED_SELECTOR = YES;
				GCC_WARN_UNINITIALIZED_AUTOS = YES_AGGRESSIVE;
				GCC_WARN_UNUSED_FUNCTION = YES;
				GCC_WARN_UNUSED_VARIABLE = YES;
				IPHONEOS_DEPLOYMENT_TARGET = 8.2;
				MTL_ENABLE_DEBUG_INFO = NO;
				SDKROOT = iphoneos;
				VALIDATE_PRODUCT = YES;
			};
			name = Release;
		};
		63C1621A1AD3300E00F34329 /* Debug */ = {
			isa = XCBuildConfiguration;
			buildSettings = {
				ASSETCATALOG_COMPILER_APPICON_NAME = AppIcon;
				INFOPLIST_FILE = CameraTest/Info.plist;
				LD_RUNPATH_SEARCH_PATHS = "$(inherited) @executable_path/Frameworks";
				PRODUCT_NAME = "$(TARGET_NAME)";
			};
			name = Debug;
		};
		63C1621B1AD3300E00F34329 /* Release */ = {
			isa = XCBuildConfiguration;
			buildSettings = {
				ASSETCATALOG_COMPILER_APPICON_NAME = AppIcon;
				INFOPLIST_FILE = CameraTest/Info.plist;
				LD_RUNPATH_SEARCH_PATHS = "$(inherited) @executable_path/Frameworks";
				PRODUCT_NAME = "$(TARGET_NAME)";
			};
			name = Release;
		};
		63C1621D1AD3300E00F34329 /* Debug */ = {
			isa = XCBuildConfiguration;
			buildSettings = {
				BUNDLE_LOADER = "$(TEST_HOST)";
				FRAMEWORK_SEARCH_PATHS = (
					"$(SDKROOT)/Developer/Library/Frameworks",
					"$(inherited)",
				);
				GCC_PREPROCESSOR_DEFINITIONS = (
					"DEBUG=1",
					"$(inherited)",
				);
				INFOPLIST_FILE = CameraTestTests/Info.plist;
				LD_RUNPATH_SEARCH_PATHS = "$(inherited) @executable_path/Frameworks @loader_path/Frameworks";
				PRODUCT_NAME = "$(TARGET_NAME)";
				TEST_HOST = "$(BUILT_PRODUCTS_DIR)/CameraTest.app/CameraTest";
			};
			name = Debug;
		};
		63C1621E1AD3300E00F34329 /* Release */ = {
			isa = XCBuildConfiguration;
			buildSettings = {
				BUNDLE_LOADER = "$(TEST_HOST)";
				FRAMEWORK_SEARCH_PATHS = (
					"$(SDKROOT)/Developer/Library/Frameworks",
					"$(inherited)",
				);
				INFOPLIST_FILE = CameraTestTests/Info.plist;
				LD_RUNPATH_SEARCH_PATHS = "$(inherited) @executable_path/Frameworks @loader_path/Frameworks";
				PRODUCT_NAME = "$(TARGET_NAME)";
				TEST_HOST = "$(BUILT_PRODUCTS_DIR)/CameraTest.app/CameraTest";
			};
			name = Release;
		};
/* End XCBuildConfiguration section */

/* Begin XCConfigurationList section */
		63C161F51AD3300E00F34329 /* Build configuration list for PBXProject "CameraTest" */ = {
			isa = XCConfigurationList;
			buildConfigurations = (
				63C162171AD3300E00F34329 /* Debug */,
				63C162181AD3300E00F34329 /* Release */,
			);
			defaultConfigurationIsVisible = 0;
			defaultConfigurationName = Release;
		};
		63C162191AD3300E00F34329 /* Build configuration list for PBXNativeTarget "CameraTest" */ = {
			isa = XCConfigurationList;
			buildConfigurations = (
				63C1621A1AD3300E00F34329 /* Debug */,
				63C1621B1AD3300E00F34329 /* Release */,
			);
			defaultConfigurationIsVisible = 0;
			defaultConfigurationName = Release;
		};
		63C1621C1AD3300E00F34329 /* Build configuration list for PBXNativeTarget "CameraTestTests" */ = {
			isa = XCConfigurationList;
			buildConfigurations = (
				63C1621D1AD3300E00F34329 /* Debug */,
				63C1621E1AD3300E00F34329 /* Release */,
			);
			defaultConfigurationIsVisible = 0;
			defaultConfigurationName = Release;
		};
/* End XCConfigurationList section */
	};
	rootObject = 63C161F21AD3300E00F34329 /* Project object */;
}
